<Solution>
  <Folder Name="/Solution Items/">
    <File Path=".editorconfig" />
  </Folder>
  <Project Path="BookRight.Application.Tests/BookRight.Application.Tests.csproj" />
  <Project Path="BookRight.Application/BookRight.Application.csproj" />
  <Project Path="BookRight.Domain.Tests/BookRight.Domain.Tests.csproj" />
  <Project Path="BookRight.Domain/BookRight.Domain.csproj" />
  <Project Path="BookRight.Facade/BookRight.Facade.csproj" />
  <Project Path="BookRight.Infrastructure/BookRight.Infrastructure.csproj" />
  <Project Path="BookRight.UI/BookRight.UI.csproj" Id="de369589-5641-4800-9ece-ea58387fa18d" />
  <Project Path="EndToEndTesting/EndToEndTesting.csproj" Id="efe3e0a4-a0e5-4e27-b03c-ee88e52f0832" />
</Solution>
